
Microsoft Visual Studio Solution File, Format Version 12.00
# Visual Studio Version 17
VisualStudioVersion = 17.6.33829.357
MinimumVisualStudioVersion = 10.0.40219.1
Project("{FAE04EC0-301F-11D3-BF4B-00C04F79EFBC}") = "service-locator", "service-locator.csproj", "{F69E3138-4A59-496B-898F-5EE26E9A412B}"
EndProject
Global
	GlobalSection(SolutionConfigurationPlatforms) = preSolution
		Debug|Any CPU = Debug|Any CPU
		Release|Any CPU = Release|Any CPU
	EndGlobalSection
	GlobalSection(ProjectConfigurationPlatforms) = postSolution
		{F69E3138-4A59-496B-898F-5EE26E9A412B}.Debug|Any CPU.ActiveCfg = Debug|Any CPU
		{F69E3138-4A59-496B-898F-5EE26E9A412B}.Debug|Any CPU.Build.0 = Debug|Any CPU
		{F69E3138-4A59-496B-898F-5EE26E9A412B}.Release|Any CPU.ActiveCfg = Release|Any CPU
		{F69E3138-4A59-496B-898F-5EE26E9A412B}.Release|Any CPU.Build.0 = Release|Any CPU
	EndGlobalSection
	GlobalSection(SolutionProperties) = preSolution
		HideSolutionNode = FALSE
	EndGlobalSection
	GlobalSection(ExtensibilityGlobals) = postSolution
		SolutionGuid = {B23B9E12-5702-481C-9678-738F91260614}
	EndGlobalSection
EndGlobal
